
Microsoft Visual Studio Solution File, Format Version 12.00
# Visual Studio Version 17
VisualStudioVersion = 17.8.34330.188
MinimumVisualStudioVersion = 10.0.40219.1
Project("{FAE04EC0-301F-11D3-BF4B-00C04F79EFBC}") = "BlazingTrails.Client", "BlazingTrails.Client\BlazingTrails.Client.csproj", "{32E0785D-C2EB-4274-B204-D877E37A7D78}"
EndProject
Project("{FAE04EC0-301F-11D3-BF4B-00C04F79EFBC}") = "ComponentLifecycle", "ComponentLifecycle\ComponentLifecycle.csproj", "{83030E8D-3360-4074-BCEF-27F2106A700D}"
EndProject
Global
	GlobalSection(SolutionConfigurationPlatforms) = preSolution
		Debug|Any CPU = Debug|Any CPU
		Release|Any CPU = Release|Any CPU
	EndGlobalSection
	GlobalSection(ProjectConfigurationPlatforms) = postSolution
		{32E0785D-C2EB-4274-B204-D877E37A7D78}.Debug|Any CPU.ActiveCfg = Debug|Any CPU
		{32E0785D-C2EB-4274-B204-D877E37A7D78}.Debug|Any CPU.Build.0 = Debug|Any CPU
		{32E0785D-C2EB-4274-B204-D877E37A7D78}.Release|Any CPU.ActiveCfg = Release|Any CPU
		{32E0785D-C2EB-4274-B204-D877E37A7D78}.Release|Any CPU.Build.0 = Release|Any CPU
		{83030E8D-3360-4074-BCEF-27F2106A700D}.Debug|Any CPU.ActiveCfg = Debug|Any CPU
		{83030E8D-3360-4074-BCEF-27F2106A700D}.Debug|Any CPU.Build.0 = Debug|Any CPU
		{83030E8D-3360-4074-BCEF-27F2106A700D}.Release|Any CPU.ActiveCfg = Release|Any CPU
		{83030E8D-3360-4074-BCEF-27F2106A700D}.Release|Any CPU.Build.0 = Release|Any CPU
	EndGlobalSection
	GlobalSection(SolutionProperties) = preSolution
		HideSolutionNode = FALSE
	EndGlobalSection
	GlobalSection(ExtensibilityGlobals) = postSolution
		SolutionGuid = {021EBBEA-7DF2-41F1-BC4D-549C5A487F9E}
	EndGlobalSection
EndGlobal
